
Microsoft Visual Studio Solution File, Format Version 12.00
# Visual Studio Version 16
VisualStudioVersion = 16.0.30320.27
MinimumVisualStudioVersion = 10.0.40219.1
Project("{FAE04EC0-301F-11D3-BF4B-00C04F79EFBC}") = "CadastroCliente", "CadastroCliente\CadastroCliente.csproj", "{EE1B2014-A464-4202-A54C-ADBD6F60C3DB}"
EndProject
Global
	GlobalSection(SolutionConfigurationPlatforms) = preSolution
		Debug|Any CPU = Debug|Any CPU
		Release|Any CPU = Release|Any CPU
	EndGlobalSection
	GlobalSection(ProjectConfigurationPlatforms) = postSolution
		{EE1B2014-A464-4202-A54C-ADBD6F60C3DB}.Debug|Any CPU.ActiveCfg = Debug|Any CPU
		{EE1B2014-A464-4202-A54C-ADBD6F60C3DB}.Debug|Any CPU.Build.0 = Debug|Any CPU
		{EE1B2014-A464-4202-A54C-ADBD6F60C3DB}.Release|Any CPU.ActiveCfg = Release|Any CPU
		{EE1B2014-A464-4202-A54C-ADBD6F60C3DB}.Release|Any CPU.Build.0 = Release|Any CPU
	EndGlobalSection
	GlobalSection(SolutionProperties) = preSolution
		HideSolutionNode = FALSE
	EndGlobalSection
	GlobalSection(ExtensibilityGlobals) = postSolution
		SolutionGuid = {97B41C38-B362-4A9E-A531-45ABBC613014}
	EndGlobalSection
EndGlobal
